
Microsoft Visual Studio Solution File, Format Version 12.00
# Visual Studio Version 16
VisualStudioVersion = 16.0.30523.141
MinimumVisualStudioVersion = 10.0.40219.1
Project("{9A19103F-16F7-4668-BE54-9A1E7A4F7556}") = "NewsFPT.AdminApp", "NewsFPT.AdminApp\NewsFPT.AdminApp.csproj", "{DEF11388-06FA-45E0-ABE1-8DC044B0BC61}"
EndProject
Project("{9A19103F-16F7-4668-BE54-9A1E7A4F7556}") = "BLL", "..\NewsFPT.Api\BLL\BLL.csproj", "{4FF36FC6-7106-4F5D-99A1-81B8A4E6B0BF}"
EndProject
Global
	GlobalSection(SolutionConfigurationPlatforms) = preSolution
		Debug|Any CPU = Debug|Any CPU
		Release|Any CPU = Release|Any CPU
	EndGlobalSection
	GlobalSection(ProjectConfigurationPlatforms) = postSolution
		{DEF11388-06FA-45E0-ABE1-8DC044B0BC61}.Debug|Any CPU.ActiveCfg = Debug|Any CPU
		{DEF11388-06FA-45E0-ABE1-8DC044B0BC61}.Debug|Any CPU.Build.0 = Debug|Any CPU
		{DEF11388-06FA-45E0-ABE1-8DC044B0BC61}.Release|Any CPU.ActiveCfg = Release|Any CPU
		{DEF11388-06FA-45E0-ABE1-8DC044B0BC61}.Release|Any CPU.Build.0 = Release|Any CPU
		{4FF36FC6-7106-4F5D-99A1-81B8A4E6B0BF}.Debug|Any CPU.ActiveCfg = Debug|Any CPU
		{4FF36FC6-7106-4F5D-99A1-81B8A4E6B0BF}.Debug|Any CPU.Build.0 = Debug|Any CPU
		{4FF36FC6-7106-4F5D-99A1-81B8A4E6B0BF}.Release|Any CPU.ActiveCfg = Release|Any CPU
		{4FF36FC6-7106-4F5D-99A1-81B8A4E6B0BF}.Release|Any CPU.Build.0 = Release|Any CPU
	EndGlobalSection
	GlobalSection(SolutionProperties) = preSolution
		HideSolutionNode = FALSE
	EndGlobalSection
	GlobalSection(ExtensibilityGlobals) = postSolution
		SolutionGuid = {B868922B-96E0-4E43-99AE-E0EC1999B30F}
	EndGlobalSection
EndGlobal
